
Microsoft Visual Studio Solution File, Format Version 12.00
# Visual Studio 15
VisualStudioVersion = 15.0.28307.489
MinimumVisualStudioVersion = 10.0.40219.1
Project("{FAE04EC0-301F-11D3-BF4B-00C04F79EFBC}") = "Unidad 5 Lab", "Unidad 5 Lab\Unidad 5 Lab.csproj", "{4F3B376A-1B7C-4C08-8EF0-F327C78BB121}"
EndProject
Global
	GlobalSection(SolutionConfigurationPlatforms) = preSolution
		Debug|Any CPU = Debug|Any CPU
		Release|Any CPU = Release|Any CPU
	EndGlobalSection
	GlobalSection(ProjectConfigurationPlatforms) = postSolution
		{4F3B376A-1B7C-4C08-8EF0-F327C78BB121}.Debug|Any CPU.ActiveCfg = Debug|Any CPU
		{4F3B376A-1B7C-4C08-8EF0-F327C78BB121}.Debug|Any CPU.Build.0 = Debug|Any CPU
		{4F3B376A-1B7C-4C08-8EF0-F327C78BB121}.Release|Any CPU.ActiveCfg = Release|Any CPU
		{4F3B376A-1B7C-4C08-8EF0-F327C78BB121}.Release|Any CPU.Build.0 = Release|Any CPU
	EndGlobalSection
	GlobalSection(SolutionProperties) = preSolution
		HideSolutionNode = FALSE
	EndGlobalSection
	GlobalSection(ExtensibilityGlobals) = postSolution
		SolutionGuid = {8BB18089-4D62-4271-9530-FFD8487988B0}
	EndGlobalSection
EndGlobal
